{
  "name": "lightsail-user",
  "version": "1.0.0",
  "lockfileVersion": 2,
  "requires": true,
  "packages": {
    "": {
      "name": "lightsail-user",
      "version": "1.0.0",
      "hasInstallScript": true,
      "license": "ISC",
      "dependencies": {
        "my-utils": "file:../utils"
      },
      "devDependencies": {
        "@types/node": "^17.0.23",
        "typescript": "^4.6.3"
      }
    },
    "../../utils": {
      "version": "1.0.0",
      "extraneous": true,
      "license": "ISC",
      "dependencies": {
        "@types/ssh2": "^0.5.52",
        "cfn-response-promise": "^1.1.0",
        "jsonschema": "^1.4.0",
        "ssh2-promise": "^1.0.2"
      },
      "devDependencies": {
        "@types/cfn-response-promise": "^1.1.0",
        "@types/node": "^17.0.23",
        "aws-lambda": "^1.0.7",
        "typescript": "^4.6.3"
      }
    },
    "../utils": {
      "version": "1.0.0",
      "license": "ISC",
      "dependencies": {
        "@types/ssh2": "^0.5.52",
        "jsonschema": "^1.4.0",
        "ssh2-promise": "^1.0.2"
      },
      "devDependencies": {
        "@types/aws-lambda": "^8.10.93",
        "@types/node": "^17.0.23",
        "aws-sdk": "^2.1114.0",
        "typescript": "^4.6.3"
      }
    },
    "node_modules/@types/node": {
      "version": "17.0.23",
      "resolved": "https://registry.npmjs.org/@types/node/-/node-17.0.23.tgz",
      "integrity": "sha512-UxDxWn7dl97rKVeVS61vErvw086aCYhDLyvRQZ5Rk65rZKepaFdm53GeqXaKBuOhED4e9uWq34IC3TdSdJJ2Gw==",
      "dev": true
    },
    "node_modules/my-utils": {
      "resolved": "../utils",
      "link": true
    },
    "node_modules/typescript": {
      "version": "4.6.3",
      "resolved": "https://registry.npmjs.org/typescript/-/typescript-4.6.3.tgz",
      "integrity": "sha512-yNIatDa5iaofVozS/uQJEl3JRWLKKGJKh6Yaiv0GLGSuhpFJe7P3SbHZ8/yjAHRQwKRoA6YZqlfjXWmVzoVSMw==",
      "dev": true,
      "bin": {
        "tsc": "bin/tsc",
        "tsserver": "bin/tsserver"
      },
      "engines": {
        "node": ">=4.2.0"
      }
    }
  },
  "dependencies": {
    "@types/node": {
      "version": "17.0.23",
      "resolved": "https://registry.npmjs.org/@types/node/-/node-17.0.23.tgz",
      "integrity": "sha512-UxDxWn7dl97rKVeVS61vErvw086aCYhDLyvRQZ5Rk65rZKepaFdm53GeqXaKBuOhED4e9uWq34IC3TdSdJJ2Gw==",
      "dev": true
    },
    "my-utils": {
      "version": "file:../utils",
      "requires": {
        "@types/aws-lambda": "^8.10.93",
        "@types/node": "^17.0.23",
        "@types/ssh2": "^0.5.52",
        "aws-sdk": "^2.1114.0",
        "jsonschema": "^1.4.0",
        "ssh2-promise": "^1.0.2",
        "typescript": "^4.6.3"
      }
    },
    "typescript": {
      "version": "4.6.3",
      "resolved": "https://registry.npmjs.org/typescript/-/typescript-4.6.3.tgz",
      "integrity": "sha512-yNIatDa5iaofVozS/uQJEl3JRWLKKGJKh6Yaiv0GLGSuhpFJe7P3SbHZ8/yjAHRQwKRoA6YZqlfjXWmVzoVSMw==",
      "dev": true
    }
  }
}
